
Microsoft Visual Studio Solution File, Format Version 12.00
# Visual Studio Version 16
VisualStudioVersion = 16.0.808.10
MinimumVisualStudioVersion = 10.0.40219.1
Project("{2150E333-8FDC-42A3-9474-1A3956D46DE8}") = "src", "src", "{AA033194-50DD-4949-9C14-7C39348F657F}"
EndProject
Project("{2150E333-8FDC-42A3-9474-1A3956D46DE8}") = "Catalog", "Catalog", "{34C016EF-1BB8-4167-AF6F-3DAFA13CA3AA}"
EndProject
Project("{FAE04EC0-301F-11D3-BF4B-00C04F79EFBC}") = "Catalog.API", "src\Catalog\Catalog.API\Catalog.API.csproj", "{3AA69E57-F9EF-4BD7-97D1-A363CFC3D1CD}"
EndProject
Project("{E53339B2-1760-4266-BCC7-CA923CBCF16C}") = "docker-compose", "docker-compose.dcproj", "{D67435E5-D9DE-43FC-AD9F-75C4113196FF}"
EndProject
Project("{2150E333-8FDC-42A3-9474-1A3956D46DE8}") = "Basket", "Basket", "{4E44DE0A-F7F6-48D6-82F8-3B9EB65AA380}"
EndProject
Project("{FAE04EC0-301F-11D3-BF4B-00C04F79EFBC}") = "Basket.API", "src\Basket\Basket.API\Basket.API.csproj", "{9F557415-A0A0-4557-A8DB-17F826F20FC1}"
EndProject
Project("{2150E333-8FDC-42A3-9474-1A3956D46DE8}") = "Common", "Common", "{38421951-35F2-4C64-A9BA-1A5AFB1ABD11}"
EndProject
Project("{FAE04EC0-301F-11D3-BF4B-00C04F79EFBC}") = "EventBus", "src\Common\EventBus\EventBus.csproj", "{A76FAF6B-6E9B-4791-86E0-6A8B33365A3D}"
EndProject
Project("{2150E333-8FDC-42A3-9474-1A3956D46DE8}") = "Ordering", "Ordering", "{126895E4-7DB1-4346-8BFE-6285CF60D9C2}"
EndProject
Project("{FAE04EC0-301F-11D3-BF4B-00C04F79EFBC}") = "Ordering.API", "src\Ordering\Ordering.API\Ordering.API.csproj", "{511DE038-4338-4C58-9031-92AAEF80A5CC}"
EndProject
Project("{FAE04EC0-301F-11D3-BF4B-00C04F79EFBC}") = "Ordering.Core", "src\Ordering\Ordering.Core\Ordering.Core.csproj", "{1C6BE5B0-3968-4438-BDC3-066DBF2C8B34}"
EndProject
Project("{FAE04EC0-301F-11D3-BF4B-00C04F79EFBC}") = "Ordering.Infrastructure", "src\Ordering\Ordering.Infrastructure\Ordering.Infrastructure.csproj", "{965B9CCE-8379-4738-9293-BCEF832D42D1}"
EndProject
Project("{FAE04EC0-301F-11D3-BF4B-00C04F79EFBC}") = "Ordering.Application", "src\Ordering\Ordering.Application\Ordering.Application.csproj", "{7CF5C32E-7258-49FC-B066-4030A05F31E6}"
EndProject
Global
	GlobalSection(SolutionConfigurationPlatforms) = preSolution
		Debug|Any CPU = Debug|Any CPU
		Release|Any CPU = Release|Any CPU
	EndGlobalSection
	GlobalSection(ProjectConfigurationPlatforms) = postSolution
		{3AA69E57-F9EF-4BD7-97D1-A363CFC3D1CD}.Debug|Any CPU.ActiveCfg = Debug|Any CPU
		{3AA69E57-F9EF-4BD7-97D1-A363CFC3D1CD}.Debug|Any CPU.Build.0 = Debug|Any CPU
		{3AA69E57-F9EF-4BD7-97D1-A363CFC3D1CD}.Release|Any CPU.ActiveCfg = Release|Any CPU
		{3AA69E57-F9EF-4BD7-97D1-A363CFC3D1CD}.Release|Any CPU.Build.0 = Release|Any CPU
		{D67435E5-D9DE-43FC-AD9F-75C4113196FF}.Debug|Any CPU.ActiveCfg = Debug|Any CPU
		{D67435E5-D9DE-43FC-AD9F-75C4113196FF}.Debug|Any CPU.Build.0 = Debug|Any CPU
		{D67435E5-D9DE-43FC-AD9F-75C4113196FF}.Release|Any CPU.ActiveCfg = Release|Any CPU
		{D67435E5-D9DE-43FC-AD9F-75C4113196FF}.Release|Any CPU.Build.0 = Release|Any CPU
		{9F557415-A0A0-4557-A8DB-17F826F20FC1}.Debug|Any CPU.ActiveCfg = Debug|Any CPU
		{9F557415-A0A0-4557-A8DB-17F826F20FC1}.Debug|Any CPU.Build.0 = Debug|Any CPU
		{9F557415-A0A0-4557-A8DB-17F826F20FC1}.Release|Any CPU.ActiveCfg = Release|Any CPU
		{9F557415-A0A0-4557-A8DB-17F826F20FC1}.Release|Any CPU.Build.0 = Release|Any CPU
		{A76FAF6B-6E9B-4791-86E0-6A8B33365A3D}.Debug|Any CPU.ActiveCfg = Debug|Any CPU
		{A76FAF6B-6E9B-4791-86E0-6A8B33365A3D}.Debug|Any CPU.Build.0 = Debug|Any CPU
		{A76FAF6B-6E9B-4791-86E0-6A8B33365A3D}.Release|Any CPU.ActiveCfg = Release|Any CPU
		{A76FAF6B-6E9B-4791-86E0-6A8B33365A3D}.Release|Any CPU.Build.0 = Release|Any CPU
		{511DE038-4338-4C58-9031-92AAEF80A5CC}.Debug|Any CPU.ActiveCfg = Debug|Any CPU
		{511DE038-4338-4C58-9031-92AAEF80A5CC}.Debug|Any CPU.Build.0 = Debug|Any CPU
		{511DE038-4338-4C58-9031-92AAEF80A5CC}.Release|Any CPU.ActiveCfg = Release|Any CPU
		{511DE038-4338-4C58-9031-92AAEF80A5CC}.Release|Any CPU.Build.0 = Release|Any CPU
		{1C6BE5B0-3968-4438-BDC3-066DBF2C8B34}.Debug|Any CPU.ActiveCfg = Debug|Any CPU
		{1C6BE5B0-3968-4438-BDC3-066DBF2C8B34}.Debug|Any CPU.Build.0 = Debug|Any CPU
		{1C6BE5B0-3968-4438-BDC3-066DBF2C8B34}.Release|Any CPU.ActiveCfg = Release|Any CPU
		{1C6BE5B0-3968-4438-BDC3-066DBF2C8B34}.Release|Any CPU.Build.0 = Release|Any CPU
		{965B9CCE-8379-4738-9293-BCEF832D42D1}.Debug|Any CPU.ActiveCfg = Debug|Any CPU
		{965B9CCE-8379-4738-9293-BCEF832D42D1}.Debug|Any CPU.Build.0 = Debug|Any CPU
		{965B9CCE-8379-4738-9293-BCEF832D42D1}.Release|Any CPU.ActiveCfg = Release|Any CPU
		{965B9CCE-8379-4738-9293-BCEF832D42D1}.Release|Any CPU.Build.0 = Release|Any CPU
		{7CF5C32E-7258-49FC-B066-4030A05F31E6}.Debug|Any CPU.ActiveCfg = Debug|Any CPU
		{7CF5C32E-7258-49FC-B066-4030A05F31E6}.Debug|Any CPU.Build.0 = Debug|Any CPU
		{7CF5C32E-7258-49FC-B066-4030A05F31E6}.Release|Any CPU.ActiveCfg = Release|Any CPU
		{7CF5C32E-7258-49FC-B066-4030A05F31E6}.Release|Any CPU.Build.0 = Release|Any CPU
	EndGlobalSection
	GlobalSection(SolutionProperties) = preSolution
		HideSolutionNode = FALSE
	EndGlobalSection
	GlobalSection(ExtensibilityGlobals) = postSolution
		SolutionGuid = {411292D1-7952-4D8F-B711-46B2F3BE10C1}
	EndGlobalSection
	GlobalSection(NestedProjects) = preSolution
		{34C016EF-1BB8-4167-AF6F-3DAFA13CA3AA} = {AA033194-50DD-4949-9C14-7C39348F657F}
		{3AA69E57-F9EF-4BD7-97D1-A363CFC3D1CD} = {34C016EF-1BB8-4167-AF6F-3DAFA13CA3AA}
		{4E44DE0A-F7F6-48D6-82F8-3B9EB65AA380} = {AA033194-50DD-4949-9C14-7C39348F657F}
		{9F557415-A0A0-4557-A8DB-17F826F20FC1} = {4E44DE0A-F7F6-48D6-82F8-3B9EB65AA380}
		{38421951-35F2-4C64-A9BA-1A5AFB1ABD11} = {AA033194-50DD-4949-9C14-7C39348F657F}
		{A76FAF6B-6E9B-4791-86E0-6A8B33365A3D} = {38421951-35F2-4C64-A9BA-1A5AFB1ABD11}
		{126895E4-7DB1-4346-8BFE-6285CF60D9C2} = {AA033194-50DD-4949-9C14-7C39348F657F}
		{511DE038-4338-4C58-9031-92AAEF80A5CC} = {126895E4-7DB1-4346-8BFE-6285CF60D9C2}
		{1C6BE5B0-3968-4438-BDC3-066DBF2C8B34} = {126895E4-7DB1-4346-8BFE-6285CF60D9C2}
		{965B9CCE-8379-4738-9293-BCEF832D42D1} = {126895E4-7DB1-4346-8BFE-6285CF60D9C2}
		{7CF5C32E-7258-49FC-B066-4030A05F31E6} = {126895E4-7DB1-4346-8BFE-6285CF60D9C2}
	EndGlobalSection
EndGlobal
